
Microsoft Visual Studio Solution File, Format Version 12.00
# Visual Studio Version 17
VisualStudioVersion = 17.6.33723.286
MinimumVisualStudioVersion = 10.0.40219.1
Project("{FAE04EC0-301F-11D3-BF4B-00C04F79EFBC}") = "EFCore-test", "EFCore-test\EFCore-test.csproj", "{AC55F517-FAFF-4116-A092-993DB3A40DA9}"
EndProject
Global
	GlobalSection(SolutionConfigurationPlatforms) = preSolution
		Debug|Any CPU = Debug|Any CPU
		Release|Any CPU = Release|Any CPU
	EndGlobalSection
	GlobalSection(ProjectConfigurationPlatforms) = postSolution
		{AC55F517-FAFF-4116-A092-993DB3A40DA9}.Debug|Any CPU.ActiveCfg = Debug|Any CPU
		{AC55F517-FAFF-4116-A092-993DB3A40DA9}.Debug|Any CPU.Build.0 = Debug|Any CPU
		{AC55F517-FAFF-4116-A092-993DB3A40DA9}.Release|Any CPU.ActiveCfg = Release|Any CPU
		{AC55F517-FAFF-4116-A092-993DB3A40DA9}.Release|Any CPU.Build.0 = Release|Any CPU
	EndGlobalSection
	GlobalSection(SolutionProperties) = preSolution
		HideSolutionNode = FALSE
	EndGlobalSection
	GlobalSection(ExtensibilityGlobals) = postSolution
		SolutionGuid = {B7A22154-6BB7-45C3-9C56-F38BB5CB2C7D}
	EndGlobalSection
EndGlobal
